
Microsoft Visual Studio Solution File, Format Version 11.00
# Visual Studio 2010
Project("{FAE04EC0-301F-11D3-BF4B-00C04F79EFBC}") = "ConsoleApplication9", "ConsoleApplication9\ConsoleApplication9.csproj", "{C46C53D5-165A-42D8-8B78-743712825149}"
EndProject
Global
	GlobalSection(SolutionConfigurationPlatforms) = preSolution
		Debug|x86 = Debug|x86
		Release|x86 = Release|x86
	EndGlobalSection
	GlobalSection(ProjectConfigurationPlatforms) = postSolution
		{C46C53D5-165A-42D8-8B78-743712825149}.Debug|x86.ActiveCfg = Debug|x86
		{C46C53D5-165A-42D8-8B78-743712825149}.Debug|x86.Build.0 = Debug|x86
		{C46C53D5-165A-42D8-8B78-743712825149}.Release|x86.ActiveCfg = Release|x86
		{C46C53D5-165A-42D8-8B78-743712825149}.Release|x86.Build.0 = Release|x86
	EndGlobalSection
	GlobalSection(SolutionProperties) = preSolution
		HideSolutionNode = FALSE
	EndGlobalSection
EndGlobal
